
Microsoft Visual Studio Solution File, Format Version 12.00
# Visual Studio 15
VisualStudioVersion = 15.0.26124.0
MinimumVisualStudioVersion = 15.0.26124.0
Project("{FAE04EC0-301F-11D3-BF4B-00C04F79EFBC}") = "advancedbackend", "app\advancedbackend.csproj", "{B1B1B13C-1539-4D47-B6E1-DB6BBFF7B7DC}"
EndProject
Project("{FAE04EC0-301F-11D3-BF4B-00C04F79EFBC}") = "advancedbackend-tests", "tests\advancedbackend-tests.csproj", "{13C45B63-32CA-43B2-B03F-7C5A14361979}"
EndProject
Global
	GlobalSection(SolutionConfigurationPlatforms) = preSolution
		Debug|Any CPU = Debug|Any CPU
		Debug|x64 = Debug|x64
		Debug|x86 = Debug|x86
		Release|Any CPU = Release|Any CPU
		Release|x64 = Release|x64
		Release|x86 = Release|x86
	EndGlobalSection
	GlobalSection(SolutionProperties) = preSolution
		HideSolutionNode = FALSE
	EndGlobalSection
	GlobalSection(ProjectConfigurationPlatforms) = postSolution
		{B1B1B13C-1539-4D47-B6E1-DB6BBFF7B7DC}.Debug|Any CPU.ActiveCfg = Debug|Any CPU
		{B1B1B13C-1539-4D47-B6E1-DB6BBFF7B7DC}.Debug|Any CPU.Build.0 = Debug|Any CPU
		{B1B1B13C-1539-4D47-B6E1-DB6BBFF7B7DC}.Debug|x64.ActiveCfg = Debug|Any CPU
		{B1B1B13C-1539-4D47-B6E1-DB6BBFF7B7DC}.Debug|x64.Build.0 = Debug|Any CPU
		{B1B1B13C-1539-4D47-B6E1-DB6BBFF7B7DC}.Debug|x86.ActiveCfg = Debug|Any CPU
		{B1B1B13C-1539-4D47-B6E1-DB6BBFF7B7DC}.Debug|x86.Build.0 = Debug|Any CPU
		{B1B1B13C-1539-4D47-B6E1-DB6BBFF7B7DC}.Release|Any CPU.ActiveCfg = Release|Any CPU
		{B1B1B13C-1539-4D47-B6E1-DB6BBFF7B7DC}.Release|Any CPU.Build.0 = Release|Any CPU
		{B1B1B13C-1539-4D47-B6E1-DB6BBFF7B7DC}.Release|x64.ActiveCfg = Release|Any CPU
		{B1B1B13C-1539-4D47-B6E1-DB6BBFF7B7DC}.Release|x64.Build.0 = Release|Any CPU
		{B1B1B13C-1539-4D47-B6E1-DB6BBFF7B7DC}.Release|x86.ActiveCfg = Release|Any CPU
		{B1B1B13C-1539-4D47-B6E1-DB6BBFF7B7DC}.Release|x86.Build.0 = Release|Any CPU
		{13C45B63-32CA-43B2-B03F-7C5A14361979}.Debug|Any CPU.ActiveCfg = Debug|Any CPU
		{13C45B63-32CA-43B2-B03F-7C5A14361979}.Debug|Any CPU.Build.0 = Debug|Any CPU
		{13C45B63-32CA-43B2-B03F-7C5A14361979}.Debug|x64.ActiveCfg = Debug|Any CPU
		{13C45B63-32CA-43B2-B03F-7C5A14361979}.Debug|x64.Build.0 = Debug|Any CPU
		{13C45B63-32CA-43B2-B03F-7C5A14361979}.Debug|x86.ActiveCfg = Debug|Any CPU
		{13C45B63-32CA-43B2-B03F-7C5A14361979}.Debug|x86.Build.0 = Debug|Any CPU
		{13C45B63-32CA-43B2-B03F-7C5A14361979}.Release|Any CPU.ActiveCfg = Release|Any CPU
		{13C45B63-32CA-43B2-B03F-7C5A14361979}.Release|Any CPU.Build.0 = Release|Any CPU
		{13C45B63-32CA-43B2-B03F-7C5A14361979}.Release|x64.ActiveCfg = Release|Any CPU
		{13C45B63-32CA-43B2-B03F-7C5A14361979}.Release|x64.Build.0 = Release|Any CPU
		{13C45B63-32CA-43B2-B03F-7C5A14361979}.Release|x86.ActiveCfg = Release|Any CPU
		{13C45B63-32CA-43B2-B03F-7C5A14361979}.Release|x86.Build.0 = Release|Any CPU
	EndGlobalSection
EndGlobal
